
Microsoft Visual Studio Solution File, Format Version 12.00
# Visual Studio Version 16
VisualStudioVersion = 16.0.29009.5
MinimumVisualStudioVersion = 10.0.40219.1
Project("{FAE04EC0-301F-11D3-BF4B-00C04F79EFBC}") = "TestStudying", "TestStudying\TestStudying.csproj", "{AF67C1C2-75B7-41AC-B8FA-C9904206303E}"
EndProject
Project("{FAE04EC0-301F-11D3-BF4B-00C04F79EFBC}") = "TestStudying.Tests", "TestStudying.Tests\TestStudying.Tests.csproj", "{B0F1F8CB-9431-4502-8C6B-3BA942908739}"
EndProject
Global
	GlobalSection(SolutionConfigurationPlatforms) = preSolution
		Debug|Any CPU = Debug|Any CPU
		Release|Any CPU = Release|Any CPU
	EndGlobalSection
	GlobalSection(ProjectConfigurationPlatforms) = postSolution
		{AF67C1C2-75B7-41AC-B8FA-C9904206303E}.Debug|Any CPU.ActiveCfg = Debug|Any CPU
		{AF67C1C2-75B7-41AC-B8FA-C9904206303E}.Debug|Any CPU.Build.0 = Debug|Any CPU
		{AF67C1C2-75B7-41AC-B8FA-C9904206303E}.Release|Any CPU.ActiveCfg = Release|Any CPU
		{AF67C1C2-75B7-41AC-B8FA-C9904206303E}.Release|Any CPU.Build.0 = Release|Any CPU
		{B0F1F8CB-9431-4502-8C6B-3BA942908739}.Debug|Any CPU.ActiveCfg = Debug|Any CPU
		{B0F1F8CB-9431-4502-8C6B-3BA942908739}.Debug|Any CPU.Build.0 = Debug|Any CPU
		{B0F1F8CB-9431-4502-8C6B-3BA942908739}.Release|Any CPU.ActiveCfg = Release|Any CPU
		{B0F1F8CB-9431-4502-8C6B-3BA942908739}.Release|Any CPU.Build.0 = Release|Any CPU
	EndGlobalSection
	GlobalSection(SolutionProperties) = preSolution
		HideSolutionNode = FALSE
	EndGlobalSection
	GlobalSection(ExtensibilityGlobals) = postSolution
		SolutionGuid = {A1163F5A-9597-4901-972C-DDFA7AD00C2E}
	EndGlobalSection
EndGlobal
